// !$*UTF8*$!
{
	archiveVersion = 1;
	classes = {
	};
	objectVersion = 56;
	objects = {

/* Begin PBXBuildFile section */
		C454D2052A06294800FE8FEE /* University.swift in Sources */ = {isa = PBXBuildFile; fileRef = C454D2042A06294800FE8FEE /* University.swift */; };
		C454D2082A06456600FE8FEE /* MainViewCell.swift in Sources */ = {isa = PBXBuildFile; fileRef = C454D2072A06456600FE8FEE /* MainViewCell.swift */; };
		C487C2C82A05A8EE0038BD92 /* ServiceConstant.swift in Sources */ = {isa = PBXBuildFile; fileRef = C487C2C72A05A8EE0038BD92 /* ServiceConstant.swift */; };
		C487C2CA2A05A9640038BD92 /* Service.swift in Sources */ = {isa = PBXBuildFile; fileRef = C487C2C92A05A9640038BD92 /* Service.swift */; };
		C487C2CD2A05A9870038BD92 /* Alamofire in Frameworks */ = {isa = PBXBuildFile; productRef = C487C2CC2A05A9870038BD92 /* Alamofire */; };
		C4ADA2232A05384900434B2C /* AppDelegate.swift in Sources */ = {isa = PBXBuildFile; fileRef = C4ADA2222A05384900434B2C /* AppDelegate.swift */; };
		C4ADA2252A05384900434B2C /* SceneDelegate.swift in Sources */ = {isa = PBXBuildFile; fileRef = C4ADA2242A05384900434B2C /* SceneDelegate.swift */; };
		C4ADA22C2A05384B00434B2C /* Assets.xcassets in Resources */ = {isa = PBXBuildFile; fileRef = C4ADA22B2A05384B00434B2C /* Assets.xcassets */; };
		C4ADA22F2A05384B00434B2C /* LaunchScreen.storyboard in Resources */ = {isa = PBXBuildFile; fileRef = C4ADA22D2A05384B00434B2C /* LaunchScreen.storyboard */; };
		C4ADA2392A05389100434B2C /* MainViewController.swift in Sources */ = {isa = PBXBuildFile; fileRef = C4ADA2382A05389100434B2C /* MainViewController.swift */; };
		C4ADA2402A05487A00434B2C /* MainViewController+TableView.swift in Sources */ = {isa = PBXBuildFile; fileRef = C4ADA23F2A05487A00434B2C /* MainViewController+TableView.swift */; };
		C4ADA2432A0548AB00434B2C /* MainViewModel.swift in Sources */ = {isa = PBXBuildFile; fileRef = C4ADA2422A0548AB00434B2C /* MainViewModel.swift */; };
/* End PBXBuildFile section */

/* Begin PBXFileReference section */
		C454D2042A06294800FE8FEE /* University.swift */ = {isa = PBXFileReference; lastKnownFileType = sourcecode.swift; path = University.swift; sourceTree = "<group>"; };
		C454D2072A06456600FE8FEE /* MainViewCell.swift */ = {isa = PBXFileReference; lastKnownFileType = sourcecode.swift; path = MainViewCell.swift; sourceTree = "<group>"; };
		C487C2C72A05A8EE0038BD92 /* ServiceConstant.swift */ = {isa = PBXFileReference; lastKnownFileType = sourcecode.swift; path = ServiceConstant.swift; sourceTree = "<group>"; };
		C487C2C92A05A9640038BD92 /* Service.swift */ = {isa = PBXFileReference; lastKnownFileType = sourcecode.swift; path = Service.swift; sourceTree = "<group>"; };
		C4ADA21F2A05384900434B2C /* UniversityInformation.app */ = {isa = PBXFileReference; explicitFileType = wrapper.application; includeInIndex = 0; path = UniversityInformation.app; sourceTree = BUILT_PRODUCTS_DIR; };
		C4ADA2222A05384900434B2C /* AppDelegate.swift */ = {isa = PBXFileReference; lastKnownFileType = sourcecode.swift; path = AppDelegate.swift; sourceTree = "<group>"; };
		C4ADA2242A05384900434B2C /* SceneDelegate.swift */ = {isa = PBXFileReference; lastKnownFileType = sourcecode.swift; path = SceneDelegate.swift; sourceTree = "<group>"; };
		C4ADA22B2A05384B00434B2C /* Assets.xcassets */ = {isa = PBXFileReference; lastKnownFileType = folder.assetcatalog; path = Assets.xcassets; sourceTree = "<group>"; };
		C4ADA22E2A05384B00434B2C /* Base */ = {isa = PBXFileReference; lastKnownFileType = file.storyboard; name = Base; path = Base.lproj/LaunchScreen.storyboard; sourceTree = "<group>"; };
		C4ADA2302A05384B00434B2C /* Info.plist */ = {isa = PBXFileReference; lastKnownFileType = text.plist.xml; path = Info.plist; sourceTree = "<group>"; };
		C4ADA2382A05389100434B2C /* MainViewController.swift */ = {isa = PBXFileReference; lastKnownFileType = sourcecode.swift; path = MainViewController.swift; sourceTree = "<group>"; };
		C4ADA23F2A05487A00434B2C /* MainViewController+TableView.swift */ = {isa = PBXFileReference; lastKnownFileType = sourcecode.swift; path = "MainViewController+TableView.swift"; sourceTree = "<group>"; };
		C4ADA2422A0548AB00434B2C /* MainViewModel.swift */ = {isa = PBXFileReference; lastKnownFileType = sourcecode.swift; path = MainViewModel.swift; sourceTree = "<group>"; };
/* End PBXFileReference section */

/* Begin PBXFrameworksBuildPhase section */
		C4ADA21C2A05384900434B2C /* Frameworks */ = {
			isa = PBXFrameworksBuildPhase;
			buildActionMask = 2147483647;
			files = (
				C487C2CD2A05A9870038BD92 /* Alamofire in Frameworks */,
			);
			runOnlyForDeploymentPostprocessing = 0;
		};
/* End PBXFrameworksBuildPhase section */

/* Begin PBXGroup section */
		C454D2032A06293B00FE8FEE /* Model */ = {
			isa = PBXGroup;
			children = (
				C454D2042A06294800FE8FEE /* University.swift */,
			);
			path = Model;
			sourceTree = "<group>";
		};
		C454D2062A06455000FE8FEE /* View */ = {
			isa = PBXGroup;
			children = (
				C454D2072A06456600FE8FEE /* MainViewCell.swift */,
			);
			path = View;
			sourceTree = "<group>";
		};
		C487C2C62A05A8DD0038BD92 /* Service */ = {
			isa = PBXGroup;
			children = (
				C487C2C72A05A8EE0038BD92 /* ServiceConstant.swift */,
				C487C2C92A05A9640038BD92 /* Service.swift */,
			);
			path = Service;
			sourceTree = "<group>";
		};
		C4ADA2162A05384900434B2C = {
			isa = PBXGroup;
			children = (
				C4ADA2212A05384900434B2C /* UniversityInformation */,
				C4ADA2202A05384900434B2C /* Products */,
			);
			sourceTree = "<group>";
		};
		C4ADA2202A05384900434B2C /* Products */ = {
			isa = PBXGroup;
			children = (
				C4ADA21F2A05384900434B2C /* UniversityInformation.app */,
			);
			name = Products;
			sourceTree = "<group>";
		};
		C4ADA2212A05384900434B2C /* UniversityInformation */ = {
			isa = PBXGroup;
			children = (
				C454D2062A06455000FE8FEE /* View */,
				C454D2032A06293B00FE8FEE /* Model */,
				C487C2C62A05A8DD0038BD92 /* Service */,
				C4ADA2412A05489E00434B2C /* ViewModel */,
				C4ADA2372A05386100434B2C /* Controller */,
				C4ADA2362A05385B00434B2C /* Files */,
			);
			path = UniversityInformation;
			sourceTree = "<group>";
		};
		C4ADA2362A05385B00434B2C /* Files */ = {
			isa = PBXGroup;
			children = (
				C4ADA2222A05384900434B2C /* AppDelegate.swift */,
				C4ADA22B2A05384B00434B2C /* Assets.xcassets */,
				C4ADA2242A05384900434B2C /* SceneDelegate.swift */,
				C4ADA22D2A05384B00434B2C /* LaunchScreen.storyboard */,
				C4ADA2302A05384B00434B2C /* Info.plist */,
			);
			name = Files;
			sourceTree = "<group>";
		};
		C4ADA2372A05386100434B2C /* Controller */ = {
			isa = PBXGroup;
			children = (
				C4ADA2382A05389100434B2C /* MainViewController.swift */,
				C4ADA23F2A05487A00434B2C /* MainViewController+TableView.swift */,
			);
			path = Controller;
			sourceTree = "<group>";
		};
		C4ADA2412A05489E00434B2C /* ViewModel */ = {
			isa = PBXGroup;
			children = (
				C4ADA2422A0548AB00434B2C /* MainViewModel.swift */,
			);
			path = ViewModel;
			sourceTree = "<group>";
		};
/* End PBXGroup section */

/* Begin PBXNativeTarget section */
		C4ADA21E2A05384900434B2C /* UniversityInformation */ = {
			isa = PBXNativeTarget;
			buildConfigurationList = C4ADA2332A05384B00434B2C /* Build configuration list for PBXNativeTarget "UniversityInformation" */;
			buildPhases = (
				C4ADA21B2A05384900434B2C /* Sources */,
				C4ADA21C2A05384900434B2C /* Frameworks */,
				C4ADA21D2A05384900434B2C /* Resources */,
			);
			buildRules = (
			);
			dependencies = (
			);
			name = UniversityInformation;
			packageProductDependencies = (
				C487C2CC2A05A9870038BD92 /* Alamofire */,
			);
			productName = UniversityInformation;
			productReference = C4ADA21F2A05384900434B2C /* UniversityInformation.app */;
			productType = "com.apple.product-type.application";
		};
/* End PBXNativeTarget section */

/* Begin PBXProject section */
		C4ADA2172A05384900434B2C /* Project object */ = {
			isa = PBXProject;
			attributes = {
				BuildIndependentTargetsInParallel = 1;
				LastSwiftUpdateCheck = 1420;
				LastUpgradeCheck = 1420;
				TargetAttributes = {
					C4ADA21E2A05384900434B2C = {
						CreatedOnToolsVersion = 14.2;
					};
				};
			};
			buildConfigurationList = C4ADA21A2A05384900434B2C /* Build configuration list for PBXProject "UniversityInformation" */;
			compatibilityVersion = "Xcode 14.0";
			developmentRegion = en;
			hasScannedForEncodings = 0;
			knownRegions = (
				en,
				Base,
			);
			mainGroup = C4ADA2162A05384900434B2C;
			packageReferences = (
				C487C2CB2A05A9870038BD92 /* XCRemoteSwiftPackageReference "Alamofire" */,
			);
			productRefGroup = C4ADA2202A05384900434B2C /* Products */;
			projectDirPath = "";
			projectRoot = "";
			targets = (
				C4ADA21E2A05384900434B2C /* UniversityInformation */,
			);
		};
/* End PBXProject section */

/* Begin PBXResourcesBuildPhase section */
		C4ADA21D2A05384900434B2C /* Resources */ = {
			isa = PBXResourcesBuildPhase;
			buildActionMask = 2147483647;
			files = (
				C4ADA22F2A05384B00434B2C /* LaunchScreen.storyboard in Resources */,
				C4ADA22C2A05384B00434B2C /* Assets.xcassets in Resources */,
			);
			runOnlyForDeploymentPostprocessing = 0;
		};
/* End PBXResourcesBuildPhase section */

/* Begin PBXSourcesBuildPhase section */
		C4ADA21B2A05384900434B2C /* Sources */ = {
			isa = PBXSourcesBuildPhase;
			buildActionMask = 2147483647;
			files = (
				C454D2082A06456600FE8FEE /* MainViewCell.swift in Sources */,
				C4ADA2432A0548AB00434B2C /* MainViewModel.swift in Sources */,
				C487C2CA2A05A9640038BD92 /* Service.swift in Sources */,
				C4ADA2392A05389100434B2C /* MainViewController.swift in Sources */,
				C4ADA2232A05384900434B2C /* AppDelegate.swift in Sources */,
				C4ADA2252A05384900434B2C /* SceneDelegate.swift in Sources */,
				C454D2052A06294800FE8FEE /* University.swift in Sources */,
				C4ADA2402A05487A00434B2C /* MainViewController+TableView.swift in Sources */,
				C487C2C82A05A8EE0038BD92 /* ServiceConstant.swift in Sources */,
			);
			runOnlyForDeploymentPostprocessing = 0;
		};
/* End PBXSourcesBuildPhase section */

/* Begin PBXVariantGroup section */
		C4ADA22D2A05384B00434B2C /* LaunchScreen.storyboard */ = {
			isa = PBXVariantGroup;
			children = (
				C4ADA22E2A05384B00434B2C /* Base */,
			);
			name = LaunchScreen.storyboard;
			sourceTree = "<group>";
		};
/* End PBXVariantGroup section */

/* Begin XCBuildConfiguration section */
		C4ADA2312A05384B00434B2C /* Debug */ = {
			isa = XCBuildConfiguration;
			buildSettings = {
				ALWAYS_SEARCH_USER_PATHS = NO;
				CLANG_ANALYZER_NONNULL = YES;
				CLANG_ANALYZER_NUMBER_OBJECT_CONVERSION = YES_AGGRESSIVE;
				CLANG_CXX_LANGUAGE_STANDARD = "gnu++20";
				CLANG_ENABLE_MODULES = YES;
				CLANG_ENABLE_OBJC_ARC = YES;
				CLANG_ENABLE_OBJC_WEAK = YES;
				CLANG_WARN_BLOCK_CAPTURE_AUTORELEASING = YES;
				CLANG_WARN_BOOL_CONVERSION = YES;
				CLANG_WARN_COMMA = YES;
				CLANG_WARN_CONSTANT_CONVERSION = YES;
				CLANG_WARN_DEPRECATED_OBJC_IMPLEMENTATIONS = YES;
				CLANG_WARN_DIRECT_OBJC_ISA_USAGE = YES_ERROR;
				CLANG_WARN_DOCUMENTATION_COMMENTS = YES;
				CLANG_WARN_EMPTY_BODY = YES;
				CLANG_WARN_ENUM_CONVERSION = YES;
				CLANG_WARN_INFINITE_RECURSION = YES;
				CLANG_WARN_INT_CONVERSION = YES;
				CLANG_WARN_NON_LITERAL_NULL_CONVERSION = YES;
				CLANG_WARN_OBJC_IMPLICIT_RETAIN_SELF = YES;
				CLANG_WARN_OBJC_LITERAL_CONVERSION = YES;
				CLANG_WARN_OBJC_ROOT_CLASS = YES_ERROR;
				CLANG_WARN_QUOTED_INCLUDE_IN_FRAMEWORK_HEADER = YES;
				CLANG_WARN_RANGE_LOOP_ANALYSIS = YES;
				CLANG_WARN_STRICT_PROTOTYPES = YES;
				CLANG_WARN_SUSPICIOUS_MOVE = YES;
				CLANG_WARN_UNGUARDED_AVAILABILITY = YES_AGGRESSIVE;
				CLANG_WARN_UNREACHABLE_CODE = YES;
				CLANG_WARN__DUPLICATE_METHOD_MATCH = YES;
				COPY_PHASE_STRIP = NO;
				DEBUG_INFORMATION_FORMAT = dwarf;
				ENABLE_STRICT_OBJC_MSGSEND = YES;
				ENABLE_TESTABILITY = YES;
				GCC_C_LANGUAGE_STANDARD = gnu11;
				GCC_DYNAMIC_NO_PIC = NO;
				GCC_NO_COMMON_BLOCKS = YES;
				GCC_OPTIMIZATION_LEVEL = 0;
				GCC_PREPROCESSOR_DEFINITIONS = (
					"DEBUG=1",
					"$(inherited)",
				);
				GCC_WARN_64_TO_32_BIT_CONVERSION = YES;
				GCC_WARN_ABOUT_RETURN_TYPE = YES_ERROR;
				GCC_WARN_UNDECLARED_SELECTOR = YES;
				GCC_WARN_UNINITIALIZED_AUTOS = YES_AGGRESSIVE;
				GCC_WARN_UNUSED_FUNCTION = YES;
				GCC_WARN_UNUSED_VARIABLE = YES;
				IPHONEOS_DEPLOYMENT_TARGET = 16.2;
				MTL_ENABLE_DEBUG_INFO = INCLUDE_SOURCE;
				MTL_FAST_MATH = YES;
				ONLY_ACTIVE_ARCH = YES;
				SDKROOT = iphoneos;
				SWIFT_ACTIVE_COMPILATION_CONDITIONS = DEBUG;
				SWIFT_OPTIMIZATION_LEVEL = "-Onone";
			};
			name = Debug;
		};
		C4ADA2322A05384B00434B2C /* Release */ = {
			isa = XCBuildConfiguration;
			buildSettings = {
				ALWAYS_SEARCH_USER_PATHS = NO;
				CLANG_ANALYZER_NONNULL = YES;
				CLANG_ANALYZER_NUMBER_OBJECT_CONVERSION = YES_AGGRESSIVE;
				CLANG_CXX_LANGUAGE_STANDARD = "gnu++20";
				CLANG_ENABLE_MODULES = YES;
				CLANG_ENABLE_OBJC_ARC = YES;
				CLANG_ENABLE_OBJC_WEAK = YES;
				CLANG_WARN_BLOCK_CAPTURE_AUTORELEASING = YES;
				CLANG_WARN_BOOL_CONVERSION = YES;
				CLANG_WARN_COMMA = YES;
				CLANG_WARN_CONSTANT_CONVERSION = YES;
				CLANG_WARN_DEPRECATED_OBJC_IMPLEMENTATIONS = YES;
				CLANG_WARN_DIRECT_OBJC_ISA_USAGE = YES_ERROR;
				CLANG_WARN_DOCUMENTATION_COMMENTS = YES;
				CLANG_WARN_EMPTY_BODY = YES;
				CLANG_WARN_ENUM_CONVERSION = YES;
				CLANG_WARN_INFINITE_RECURSION = YES;
				CLANG_WARN_INT_CONVERSION = YES;
				CLANG_WARN_NON_LITERAL_NULL_CONVERSION = YES;
				CLANG_WARN_OBJC_IMPLICIT_RETAIN_SELF = YES;
				CLANG_WARN_OBJC_LITERAL_CONVERSION = YES;
				CLANG_WARN_OBJC_ROOT_CLASS = YES_ERROR;
				CLANG_WARN_QUOTED_INCLUDE_IN_FRAMEWORK_HEADER = YES;
				CLANG_WARN_RANGE_LOOP_ANALYSIS = YES;
				CLANG_WARN_STRICT_PROTOTYPES = YES;
				CLANG_WARN_SUSPICIOUS_MOVE = YES;
				CLANG_WARN_UNGUARDED_AVAILABILITY = YES_AGGRESSIVE;
				CLANG_WARN_UNREACHABLE_CODE = YES;
				CLANG_WARN__DUPLICATE_METHOD_MATCH = YES;
				COPY_PHASE_STRIP = NO;
				DEBUG_INFORMATION_FORMAT = "dwarf-with-dsym";
				ENABLE_NS_ASSERTIONS = NO;
				ENABLE_STRICT_OBJC_MSGSEND = YES;
				GCC_C_LANGUAGE_STANDARD = gnu11;
				GCC_NO_COMMON_BLOCKS = YES;
				GCC_WARN_64_TO_32_BIT_CONVERSION = YES;
				GCC_WARN_ABOUT_RETURN_TYPE = YES_ERROR;
				GCC_WARN_UNDECLARED_SELECTOR = YES;
				GCC_WARN_UNINITIALIZED_AUTOS = YES_AGGRESSIVE;
				GCC_WARN_UNUSED_FUNCTION = YES;
				GCC_WARN_UNUSED_VARIABLE = YES;
				IPHONEOS_DEPLOYMENT_TARGET = 16.2;
				MTL_ENABLE_DEBUG_INFO = NO;
				MTL_FAST_MATH = YES;
				SDKROOT = iphoneos;
				SWIFT_COMPILATION_MODE = wholemodule;
				SWIFT_OPTIMIZATION_LEVEL = "-O";
				VALIDATE_PRODUCT = YES;
			};
			name = Release;
		};
		C4ADA2342A05384B00434B2C /* Debug */ = {
			isa = XCBuildConfiguration;
			buildSettings = {
				ASSETCATALOG_COMPILER_APPICON_NAME = AppIcon;
				ASSETCATALOG_COMPILER_GLOBAL_ACCENT_COLOR_NAME = AccentColor;
				CODE_SIGN_STYLE = Automatic;
				CURRENT_PROJECT_VERSION = 1;
				DEVELOPMENT_TEAM = 5XZHHC4623;
				GENERATE_INFOPLIST_FILE = YES;
				INFOPLIST_FILE = UniversityInformation/Info.plist;
				INFOPLIST_KEY_UIApplicationSupportsIndirectInputEvents = YES;
				INFOPLIST_KEY_UILaunchStoryboardName = LaunchScreen;
				INFOPLIST_KEY_UIMainStoryboardFile = "";
				INFOPLIST_KEY_UISupportedInterfaceOrientations = UIInterfaceOrientationPortrait;
				INFOPLIST_KEY_UISupportedInterfaceOrientations_iPad = "UIInterfaceOrientationLandscapeLeft UIInterfaceOrientationLandscapeRight UIInterfaceOrientationPortrait UIInterfaceOrientationPortraitUpsideDown";
				LD_RUNPATH_SEARCH_PATHS = (
					"$(inherited)",
					"@executable_path/Frameworks",
				);
				MARKETING_VERSION = 1.0;
				PRODUCT_BUNDLE_IDENTIFIER = com.hakkicansengonul.UniversityInformation;
				PRODUCT_NAME = "$(TARGET_NAME)";
				SUPPORTED_PLATFORMS = "iphoneos iphonesimulator";
				SUPPORTS_MACCATALYST = NO;
				SUPPORTS_MAC_DESIGNED_FOR_IPHONE_IPAD = NO;
				SWIFT_EMIT_LOC_STRINGS = YES;
				SWIFT_VERSION = 5.0;
				TARGETED_DEVICE_FAMILY = 1;
			};
			name = Debug;
		};
		C4ADA2352A05384B00434B2C /* Release */ = {
			isa = XCBuildConfiguration;
			buildSettings = {
				ASSETCATALOG_COMPILER_APPICON_NAME = AppIcon;
				ASSETCATALOG_COMPILER_GLOBAL_ACCENT_COLOR_NAME = AccentColor;
				CODE_SIGN_STYLE = Automatic;
				CURRENT_PROJECT_VERSION = 1;
				DEVELOPMENT_TEAM = 5XZHHC4623;
				GENERATE_INFOPLIST_FILE = YES;
				INFOPLIST_FILE = UniversityInformation/Info.plist;
				INFOPLIST_KEY_UIApplicationSupportsIndirectInputEvents = YES;
				INFOPLIST_KEY_UILaunchStoryboardName = LaunchScreen;
				INFOPLIST_KEY_UIMainStoryboardFile = "";
				INFOPLIST_KEY_UISupportedInterfaceOrientations = UIInterfaceOrientationPortrait;
				INFOPLIST_KEY_UISupportedInterfaceOrientations_iPad = "UIInterfaceOrientationLandscapeLeft UIInterfaceOrientationLandscapeRight UIInterfaceOrientationPortrait UIInterfaceOrientationPortraitUpsideDown";
				LD_RUNPATH_SEARCH_PATHS = (
					"$(inherited)",
					"@executable_path/Frameworks",
				);
				MARKETING_VERSION = 1.0;
				PRODUCT_BUNDLE_IDENTIFIER = com.hakkicansengonul.UniversityInformation;
				PRODUCT_NAME = "$(TARGET_NAME)";
				SUPPORTED_PLATFORMS = "iphoneos iphonesimulator";
				SUPPORTS_MACCATALYST = NO;
				SUPPORTS_MAC_DESIGNED_FOR_IPHONE_IPAD = NO;
				SWIFT_EMIT_LOC_STRINGS = YES;
				SWIFT_VERSION = 5.0;
				TARGETED_DEVICE_FAMILY = 1;
			};
			name = Release;
		};
/* End XCBuildConfiguration section */

/* Begin XCConfigurationList section */
		C4ADA21A2A05384900434B2C /* Build configuration list for PBXProject "UniversityInformation" */ = {
			isa = XCConfigurationList;
			buildConfigurations = (
				C4ADA2312A05384B00434B2C /* Debug */,
				C4ADA2322A05384B00434B2C /* Release */,
			);
			defaultConfigurationIsVisible = 0;
			defaultConfigurationName = Release;
		};
		C4ADA2332A05384B00434B2C /* Build configuration list for PBXNativeTarget "UniversityInformation" */ = {
			isa = XCConfigurationList;
			buildConfigurations = (
				C4ADA2342A05384B00434B2C /* Debug */,
				C4ADA2352A05384B00434B2C /* Release */,
			);
			defaultConfigurationIsVisible = 0;
			defaultConfigurationName = Release;
		};
/* End XCConfigurationList section */

/* Begin XCRemoteSwiftPackageReference section */
		C487C2CB2A05A9870038BD92 /* XCRemoteSwiftPackageReference "Alamofire" */ = {
			isa = XCRemoteSwiftPackageReference;
			repositoryURL = "https://github.com/Alamofire/Alamofire.git";
			requirement = {
				branch = master;
				kind = branch;
			};
		};
/* End XCRemoteSwiftPackageReference section */

/* Begin XCSwiftPackageProductDependency section */
		C487C2CC2A05A9870038BD92 /* Alamofire */ = {
			isa = XCSwiftPackageProductDependency;
			package = C487C2CB2A05A9870038BD92 /* XCRemoteSwiftPackageReference "Alamofire" */;
			productName = Alamofire;
		};
/* End XCSwiftPackageProductDependency section */
	};
	rootObject = C4ADA2172A05384900434B2C /* Project object */;
}
